{
  "name": "gatsby-starter-default",
  "version": "1.0.0",
  "lockfileVersion": 1,
  "requires": true,
  "dependencies": {
    "@babel/runtime": {
      "version": "7.1.5",
      "resolved": "https://registry.npmjs.org/@babel/runtime/-/runtime-7.1.5.tgz",
      "integrity": "sha512-xKnPpXG/pvK1B90JkwwxSGii90rQGKtzcMt2gI5G6+M0REXaq6rOHsGC2ay6/d0Uje7zzvSzjEzfR3ENhFlrfA==",
      "requires": {
        "regenerator-runtime": "^0.12.0"
      },
      "dependencies": {
        "regenerator-runtime": {
          "version": "0.12.1",
          "resolved": "https://registry.npmjs.org/regenerator-runtime/-/regenerator-runtime-0.12.1.tgz",
          "integrity": "sha512-odxIc1/vDlo4iZcfXqRYFj0vpXFNoGdKMAUieAlFYO6m/nl5e9KR/beGf41z4a1FI+aQgtjhuaSlDxQ0hmkrHg=="
        }
      }
    },
    "@types/node": {
      "version": "7.0.69",
      "resolved": "https://registry.npmjs.org/@types/node/-/node-7.0.69.tgz",
      "integrity": "sha512-S5NC8HV6HnRipg8nC0j30TPl7ktXjRTKqgyINLNe8K/64UJUI8Lq0sRopXC0hProsV2F5ibj8IqPkl1xpGggrw=="
    },
    "babel-extract-comments": {
      "version": "1.0.0",
      "resolved": "https://registry.npmjs.org/babel-extract-comments/-/babel-extract-comments-1.0.0.tgz",
      "integrity": "sha512-qWWzi4TlddohA91bFwgt6zO/J0X+io7Qp184Fw0m2JYRSTZnJbFR8+07KmzudHCZgOiKRCrjhylwv9Xd8gfhVQ==",
      "requires": {
        "babylon": "^6.18.0"
      }
    },
    "babel-plugin-syntax-object-rest-spread": {
      "version": "6.13.0",
      "resolved": "https://registry.npmjs.org/babel-plugin-syntax-object-rest-spread/-/babel-plugin-syntax-object-rest-spread-6.13.0.tgz",
      "integrity": "sha1-/WU28rzhODb/o6VFjEkDpZe7O/U="
    },
    "babel-plugin-transform-object-rest-spread": {
      "version": "6.26.0",
      "resolved": "https://registry.npmjs.org/babel-plugin-transform-object-rest-spread/-/babel-plugin-transform-object-rest-spread-6.26.0.tgz",
      "integrity": "sha1-DzZpLVD+9rfi1LOsFHgTepY7ewY=",
      "requires": {
        "babel-plugin-syntax-object-rest-spread": "^6.8.0",
        "babel-runtime": "^6.26.0"
      }
    },
    "babel-runtime": {
      "version": "6.26.0",
      "resolved": "https://registry.npmjs.org/babel-runtime/-/babel-runtime-6.26.0.tgz",
      "integrity": "sha1-llxwWGaOgrVde/4E/yM3vItWR/4=",
      "requires": {
        "core-js": "^2.4.0",
        "regenerator-runtime": "^0.11.0"
      }
    },
    "babylon": {
      "version": "6.18.0",
      "resolved": "https://registry.npmjs.org/babylon/-/babylon-6.18.0.tgz",
      "integrity": "sha512-q/UEjfGJ2Cm3oKV71DJz9d25TPnq5rhBVL2Q4fA5wcC3jcrdn7+SssEybFIxwAvvP+YCsCYNKughoF33GxgycQ=="
    },
    "balanced-match": {
      "version": "1.0.0",
      "resolved": "https://registry.npmjs.org/balanced-match/-/balanced-match-1.0.0.tgz",
      "integrity": "sha1-ibTRmasr7kneFk6gK4nORi1xt2c="
    },
    "boolbase": {
      "version": "1.0.0",
      "resolved": "https://registry.npmjs.org/boolbase/-/boolbase-1.0.0.tgz",
      "integrity": "sha1-aN/1++YMUes3cl6p4+0xDcwed24="
    },
    "brace-expansion": {
      "version": "1.1.11",
      "resolved": "https://registry.npmjs.org/brace-expansion/-/brace-expansion-1.1.11.tgz",
      "integrity": "sha512-iCuPHDFgrHX7H2vEI/5xpz07zSHB00TpugqhmYtVmMO6518mCuRMoOYFldEBl0g187ufozdaHgWKcYFb61qGiA==",
      "requires": {
        "balanced-match": "^1.0.0",
        "concat-map": "0.0.1"
      }
    },
    "common-tags": {
      "version": "1.8.0",
      "resolved": "https://registry.npmjs.org/common-tags/-/common-tags-1.8.0.tgz",
      "integrity": "sha512-6P6g0uetGpW/sdyUy/iQQCbFF0kWVMSIVSyYz7Zgjcgh8mgw8PQzDNZeyZ5DQ2gM7LBoZPHmnjz8rUthkBG5tw=="
    },
    "concat-map": {
      "version": "0.0.1",
      "resolved": "https://registry.npmjs.org/concat-map/-/concat-map-0.0.1.tgz",
      "integrity": "sha1-2Klr13/Wjfd5OnMDajug1UBdR3s="
    },
    "core-js": {
      "version": "2.5.7",
      "resolved": "https://registry.npmjs.org/core-js/-/core-js-2.5.7.tgz",
      "integrity": "sha512-RszJCAxg/PP6uzXVXL6BsxSXx/B05oJAQ2vkJRjyjrEcNVycaqOmNb5OTxZPE3xa5gwZduqza6L9JOCenh/Ecw=="
    },
    "css-select": {
      "version": "1.2.0",
      "resolved": "https://registry.npmjs.org/css-select/-/css-select-1.2.0.tgz",
      "integrity": "sha1-KzoRBTnFNV8c2NMUYj6HCxIeyFg=",
      "requires": {
        "boolbase": "~1.0.0",
        "css-what": "2.1",
        "domutils": "1.5.1",
        "nth-check": "~1.0.1"
      }
    },
    "css-what": {
      "version": "2.1.0",
      "resolved": "https://registry.npmjs.org/css-what/-/css-what-2.1.0.tgz",
      "integrity": "sha1-lGfQMsOM+u+58teVASUwYvh/ob0="
    },
    "deep-equal": {
      "version": "1.0.1",
      "resolved": "https://registry.npmjs.org/deep-equal/-/deep-equal-1.0.1.tgz",
      "integrity": "sha1-9dJgKStmDghO/0zbyfCK0yR0SLU="
    },
    "dom-serializer": {
      "version": "0.1.0",
      "resolved": "https://registry.npmjs.org/dom-serializer/-/dom-serializer-0.1.0.tgz",
      "integrity": "sha1-BzxpdUbOB4DOI75KKOKT5AvDDII=",
      "requires": {
        "domelementtype": "~1.1.1",
        "entities": "~1.1.1"
      },
      "dependencies": {
        "domelementtype": {
          "version": "1.1.3",
          "resolved": "https://registry.npmjs.org/domelementtype/-/domelementtype-1.1.3.tgz",
          "integrity": "sha1-vSh3PiZCiBrsUVRJJCmcXNgiGFs="
        }
      }
    },
    "domelementtype": {
      "version": "1.3.0",
      "resolved": "https://registry.npmjs.org/domelementtype/-/domelementtype-1.3.0.tgz",
      "integrity": "sha1-sXrtguirWeUt2cGbF1bg/BhyBMI="
    },
    "domutils": {
      "version": "1.5.1",
      "resolved": "https://registry.npmjs.org/domutils/-/domutils-1.5.1.tgz",
      "integrity": "sha1-3NhIiib1Y9YQeeSMn3t+Mjc2gs8=",
      "requires": {
        "dom-serializer": "0",
        "domelementtype": "1"
      }
    },
    "entities": {
      "version": "1.1.1",
      "resolved": "https://registry.npmjs.org/entities/-/entities-1.1.1.tgz",
      "integrity": "sha1-blwtClYhtdra7O+AuQ7ftc13cvA="
    },
    "exenv": {
      "version": "1.2.2",
      "resolved": "https://registry.npmjs.org/exenv/-/exenv-1.2.2.tgz",
      "integrity": "sha1-KueOhdmJQVhnCwPUe+wfA72Ru50="
    },
    "fs-extra": {
      "version": "4.0.3",
      "resolved": "https://registry.npmjs.org/fs-extra/-/fs-extra-4.0.3.tgz",
      "integrity": "sha512-q6rbdDd1o2mAnQreO7YADIxf/Whx4AHBiRf6d+/cVT8h44ss+lHgxf1FemcqDnQt9X3ct4McHr+JMGlYSsK7Cg==",
      "requires": {
        "graceful-fs": "^4.1.2",
        "jsonfile": "^4.0.0",
        "universalify": "^0.1.0"
      }
    },
    "fs.realpath": {
      "version": "1.0.0",
      "resolved": "https://registry.npmjs.org/fs.realpath/-/fs.realpath-1.0.0.tgz",
      "integrity": "sha1-FQStJSMVjKpA20onh8sBQRmU6k8="
    },
    "gatsby-plugin-offline": {
      "version": "2.0.18",
      "resolved": "https://registry.npmjs.org/gatsby-plugin-offline/-/gatsby-plugin-offline-2.0.18.tgz",
      "integrity": "sha512-/7OOgSsQZk04S8xmwc5caIdGCHVs3prwLtfpSztL7HuWgf1p0U5WQDpw7GMOswLT0cEOCwEpLZRPwYSzn5YNMQ==",
      "requires": {
        "@babel/runtime": "^7.0.0",
        "cheerio": "^1.0.0-rc.2",
        "idb-keyval": "^3.1.0",
        "lodash": "^4.17.10",
        "workbox-build": "^3.6.3"
      },
      "dependencies": {
        "cheerio": {
          "version": "1.0.0-rc.2",
          "resolved": "https://registry.npmjs.org/cheerio/-/cheerio-1.0.0-rc.2.tgz",
          "integrity": "sha1-S59TqBsn5NXawxwP/Qz6A8xoMNs=",
          "requires": {
            "css-select": "~1.2.0",
            "dom-serializer": "~0.1.0",
            "entities": "~1.1.1",
            "htmlparser2": "^3.9.1",
            "lodash": "^4.15.0",
            "parse5": "^3.0.1"
          }
        },
        "domhandler": {
          "version": "2.4.2",
          "resolved": "https://registry.npmjs.org/domhandler/-/domhandler-2.4.2.tgz",
          "integrity": "sha512-JiK04h0Ht5u/80fdLMCEmV4zkNh2BcoMFBmZ/91WtYZ8qVXSKjiw7fXMgFPnHcSZgOo3XdinHvmnDUeMf5R4wA==",
          "requires": {
            "domelementtype": "1"
          }
        },
        "htmlparser2": {
          "version": "3.10.0",
          "resolved": "https://registry.npmjs.org/htmlparser2/-/htmlparser2-3.10.0.tgz",
          "integrity": "sha512-J1nEUGv+MkXS0weHNWVKJJ+UrLfePxRWpN3C9bEi9fLxL2+ggW94DQvgYVXsaT30PGwYRIZKNZXuyMhp3Di4bQ==",
          "requires": {
            "domelementtype": "^1.3.0",
            "domhandler": "^2.3.0",
            "domutils": "^1.5.1",
            "entities": "^1.1.1",
            "inherits": "^2.0.1",
            "readable-stream": "^3.0.6"
          }
        },
        "readable-stream": {
          "version": "3.0.6",
          "resolved": "https://registry.npmjs.org/readable-stream/-/readable-stream-3.0.6.tgz",
          "integrity": "sha512-9E1oLoOWfhSXHGv6QlwXJim7uNzd9EVlWK+21tCU9Ju/kR0/p2AZYPz4qSchgO8PlLIH4FpZYfzwS+rEksZjIg==",
          "requires": {
            "inherits": "^2.0.3",
            "string_decoder": "^1.1.1",
            "util-deprecate": "^1.0.1"
          }
        }
      }
    },
    "get-own-enumerable-property-symbols": {
      "version": "3.0.0",
      "resolved": "https://registry.npmjs.org/get-own-enumerable-property-symbols/-/get-own-enumerable-property-symbols-3.0.0.tgz",
      "integrity": "sha512-CIJYJC4GGF06TakLg8z4GQKvDsx9EMspVxOYih7LerEL/WosUnFIww45CGfxfeKHqlg3twgUrYRT1O3WQqjGCg=="
    },
    "glob": {
      "version": "7.1.2",
      "resolved": "https://registry.npmjs.org/glob/-/glob-7.1.2.tgz",
      "integrity": "sha512-MJTUg1kjuLeQCJ+ccE4Vpa6kKVXkPYJ2mOCQyUuKLcLQsdrMCpBPUi8qVE6+YuaJkozeA9NusTAw3hLr8Xe5EQ==",
      "requires": {
        "fs.realpath": "^1.0.0",
        "inflight": "^1.0.4",
        "inherits": "2",
        "minimatch": "^3.0.4",
        "once": "^1.3.0",
        "path-is-absolute": "^1.0.0"
      }
    },
    "graceful-fs": {
      "version": "4.1.11",
      "resolved": "https://registry.npmjs.org/graceful-fs/-/graceful-fs-4.1.11.tgz",
      "integrity": "sha1-Dovf5NHduIVNZOBOp8AOKgJuVlg="
    },
    "hoek": {
      "version": "4.2.1",
      "resolved": "https://registry.npmjs.org/hoek/-/hoek-4.2.1.tgz",
      "integrity": "sha512-QLg82fGkfnJ/4iy1xZ81/9SIJiq1NGFUMGs6ParyjBZr6jW2Ufj/snDqTHixNlHdPNwN2RLVD0Pi3igeK9+JfA=="
    },
    "idb-keyval": {
      "version": "3.1.0",
      "resolved": "https://registry.npmjs.org/idb-keyval/-/idb-keyval-3.1.0.tgz",
      "integrity": "sha512-iFwFN5n00KNNnVxlOOK280SJJfXWY7pbMUOQXdIXehvvc/mGCV/6T2Ae+Pk2KwAkkATDTwfMavOiDH5lrJKWXQ=="
    },
    "inflight": {
      "version": "1.0.6",
      "resolved": "https://registry.npmjs.org/inflight/-/inflight-1.0.6.tgz",
      "integrity": "sha1-Sb1jMdfQLQwJvJEKEHW6gWW1bfk=",
      "requires": {
        "once": "^1.3.0",
        "wrappy": "1"
      }
    },
    "inherits": {
      "version": "2.0.3",
      "resolved": "https://registry.npmjs.org/inherits/-/inherits-2.0.3.tgz",
      "integrity": "sha1-Yzwsg+PaQqUC9SRmAiSA9CCCYd4="
    },
    "is-obj": {
      "version": "1.0.1",
      "resolved": "https://registry.npmjs.org/is-obj/-/is-obj-1.0.1.tgz",
      "integrity": "sha1-PkcprB9f3gJc19g6iW2rn09n2w8="
    },
    "is-regexp": {
      "version": "1.0.0",
      "resolved": "https://registry.npmjs.org/is-regexp/-/is-regexp-1.0.0.tgz",
      "integrity": "sha1-/S2INUXEa6xaYz57mgnof6LLUGk="
    },
    "isemail": {
      "version": "3.1.3",
      "resolved": "https://registry.npmjs.org/isemail/-/isemail-3.1.3.tgz",
      "integrity": "sha512-5xbsG5wYADIcB+mfLsd+nst1V/D+I7EU7LEZPo2GOIMu4JzfcRs5yQoypP4avA7QtUqgxYLKBYNv4IdzBmbhdw==",
      "requires": {
        "punycode": "2.x.x"
      }
    },
    "js-tokens": {
      "version": "3.0.2",
      "resolved": "https://registry.npmjs.org/js-tokens/-/js-tokens-3.0.2.tgz",
      "integrity": "sha1-mGbfOVECEw449/mWvOtlRDIJwls="
    },
    "jsonfile": {
      "version": "4.0.0",
      "resolved": "https://registry.npmjs.org/jsonfile/-/jsonfile-4.0.0.tgz",
      "integrity": "sha1-h3Gq4HmbZAdrdmQPygWPnBDjPss=",
      "requires": {
        "graceful-fs": "^4.1.6"
      }
    },
    "lodash": {
      "version": "4.17.10",
      "resolved": "https://registry.npmjs.org/lodash/-/lodash-4.17.10.tgz",
      "integrity": "sha512-UejweD1pDoXu+AD825lWwp4ZGtSwgnpZxb3JDViD7StjQz+Nb/6l093lx4OQ0foGWNRoc19mWy7BzL+UAK2iVg=="
    },
    "lodash._reinterpolate": {
      "version": "3.0.0",
      "resolved": "https://registry.npmjs.org/lodash._reinterpolate/-/lodash._reinterpolate-3.0.0.tgz",
      "integrity": "sha1-DM8tiRZq8Ds2Y8eWU4t1rG4RTZ0="
    },
    "lodash.template": {
      "version": "4.4.0",
      "resolved": "https://registry.npmjs.org/lodash.template/-/lodash.template-4.4.0.tgz",
      "integrity": "sha1-5zoDhcg1VZF0bgILmWecaQ5o+6A=",
      "requires": {
        "lodash._reinterpolate": "~3.0.0",
        "lodash.templatesettings": "^4.0.0"
      }
    },
    "lodash.templatesettings": {
      "version": "4.1.0",
      "resolved": "https://registry.npmjs.org/lodash.templatesettings/-/lodash.templatesettings-4.1.0.tgz",
      "integrity": "sha1-K01OlbpEDZFf8IvImeRVNmZxMxY=",
      "requires": {
        "lodash._reinterpolate": "~3.0.0"
      }
    },
    "loose-envify": {
      "version": "1.4.0",
      "resolved": "https://registry.npmjs.org/loose-envify/-/loose-envify-1.4.0.tgz",
      "integrity": "sha512-lyuxPGr/Wfhrlem2CL/UcnUc1zcqKAImBDzukY7Y5F/yQiNdko6+fRLevlw1HgMySw7f611UIY408EtxRSoK3Q==",
      "requires": {
        "js-tokens": "^3.0.0 || ^4.0.0"
      }
    },
    "minimatch": {
      "version": "3.0.4",
      "resolved": "https://registry.npmjs.org/minimatch/-/minimatch-3.0.4.tgz",
      "integrity": "sha512-yJHVQEhyqPLUTgt9B83PXu6W3rx4MvvHvSUvToogpwoGDOUQ+yDrR0HRot+yOCdCO7u4hX3pWft6kWBBcqh0UA==",
      "requires": {
        "brace-expansion": "^1.1.7"
      }
    },
    "moment": {
      "version": "2.22.2",
      "resolved": "https://registry.npmjs.org/moment/-/moment-2.22.2.tgz",
      "integrity": "sha1-PCV/mDn8DpP/UxSWMiOeuQeD/2Y="
    },
    "nth-check": {
      "version": "1.0.1",
      "resolved": "https://registry.npmjs.org/nth-check/-/nth-check-1.0.1.tgz",
      "integrity": "sha1-mSms32KPwsQQmN6rgqxYDPFJquQ=",
      "requires": {
        "boolbase": "~1.0.0"
      }
    },
    "object-assign": {
      "version": "4.1.1",
      "resolved": "https://registry.npmjs.org/object-assign/-/object-assign-4.1.1.tgz",
      "integrity": "sha1-IQmtx5ZYh8/AXLvUQsrIv7s2CGM="
    },
    "once": {
      "version": "1.4.0",
      "resolved": "https://registry.npmjs.org/once/-/once-1.4.0.tgz",
      "integrity": "sha1-WDsap3WWHUsROsF9nFC6753Xa9E=",
      "requires": {
        "wrappy": "1"
      }
    },
    "parse5": {
      "version": "3.0.3",
      "resolved": "https://registry.npmjs.org/parse5/-/parse5-3.0.3.tgz",
      "integrity": "sha512-rgO9Zg5LLLkfJF9E6CCmXlSE4UVceloys8JrFqCcHloC3usd/kJCyPDwH2SOlzix2j3xaP9sUX3e8+kvkuleAA==",
      "requires": {
        "@types/node": "*"
      }
    },
    "path-is-absolute": {
      "version": "1.0.1",
      "resolved": "https://registry.npmjs.org/path-is-absolute/-/path-is-absolute-1.0.1.tgz",
      "integrity": "sha1-F0uSaHNVNP+8es5r9TpanhtcX18="
    },
    "pretty-bytes": {
      "version": "4.0.2",
      "resolved": "http://registry.npmjs.org/pretty-bytes/-/pretty-bytes-4.0.2.tgz",
      "integrity": "sha1-sr+C5zUNZcbDOqlaqlpPYyf2HNk="
    },
    "prop-types": {
      "version": "15.6.2",
      "resolved": "https://registry.npmjs.org/prop-types/-/prop-types-15.6.2.tgz",
      "integrity": "sha512-3pboPvLiWD7dkI3qf3KbUe6hKFKa52w+AE0VCqECtf+QHAKgOL37tTaNCnuX1nAAQ4ZhyP+kYVKf8rLmJ/feDQ==",
      "requires": {
        "loose-envify": "^1.3.1",
        "object-assign": "^4.1.1"
      }
    },
    "punycode": {
      "version": "2.1.1",
      "resolved": "https://registry.npmjs.org/punycode/-/punycode-2.1.1.tgz",
      "integrity": "sha512-XRsRjdf+j5ml+y/6GKHPZbrF/8p2Yga0JPtdqTIY2Xe5ohJPD9saDJJLPvp9+NSBprVvevdXZybnj2cv8OEd0A=="
    },
    "react-helmet": {
      "version": "5.2.0",
      "resolved": "https://registry.npmjs.org/react-helmet/-/react-helmet-5.2.0.tgz",
      "integrity": "sha1-qBgR3yExOm1VxfBYxK66XW89l6c=",
      "requires": {
        "deep-equal": "^1.0.1",
        "object-assign": "^4.1.1",
        "prop-types": "^15.5.4",
        "react-side-effect": "^1.1.0"
      }
    },
    "react-side-effect": {
      "version": "1.1.5",
      "resolved": "https://registry.npmjs.org/react-side-effect/-/react-side-effect-1.1.5.tgz",
      "integrity": "sha512-Z2ZJE4p/jIfvUpiUMRydEVpQRf2f8GMHczT6qLcARmX7QRb28JDBTpnM2g/i5y/p7ZDEXYGHWg0RbhikE+hJRw==",
      "requires": {
        "exenv": "^1.2.1",
        "shallowequal": "^1.0.1"
      }
    },
    "regenerator-runtime": {
      "version": "0.11.1",
      "resolved": "https://registry.npmjs.org/regenerator-runtime/-/regenerator-runtime-0.11.1.tgz",
      "integrity": "sha512-MguG95oij0fC3QV3URf4V2SDYGJhJnJGqvIIgdECeODCT98wSWDAJ94SSuVpYQUoTcGUIL6L4yNB7j1DFFHSBg=="
    },
    "safe-buffer": {
      "version": "5.1.2",
      "resolved": "https://registry.npmjs.org/safe-buffer/-/safe-buffer-5.1.2.tgz",
      "integrity": "sha512-Gd2UZBJDkXlY7GbJxfsE8/nvKkUEU1G38c1siN6QP6a9PT9MmHB8GnpscSmMJSoF8LOIrt8ud/wPtojys4G6+g=="
    },
    "shallowequal": {
      "version": "1.1.0",
      "resolved": "https://registry.npmjs.org/shallowequal/-/shallowequal-1.1.0.tgz",
      "integrity": "sha512-y0m1JoUZSlPAjXVtPPW70aZWfIL/dSP7AFkRnniLCrK/8MDKog3TySTBmckD+RObVxH0v4Tox67+F14PdED2oQ=="
    },
    "string_decoder": {
      "version": "1.1.1",
      "resolved": "https://registry.npmjs.org/string_decoder/-/string_decoder-1.1.1.tgz",
      "integrity": "sha512-n/ShnvDi6FHbbVfviro+WojiFzv+s8MPMHBczVePfUpDJLwoLT0ht1l4YwBCbi8pJAveEEdnkHyPyTP/mzRfwg==",
      "requires": {
        "safe-buffer": "~5.1.0"
      }
    },
    "stringify-object": {
      "version": "3.3.0",
      "resolved": "https://registry.npmjs.org/stringify-object/-/stringify-object-3.3.0.tgz",
      "integrity": "sha512-rHqiFh1elqCQ9WPLIC8I0Q/g/wj5J1eMkyoiD6eoQApWHP0FtlK7rqnhmabL5VUY9JQCcqwwvlOaSuutekgyrw==",
      "requires": {
        "get-own-enumerable-property-symbols": "^3.0.0",
        "is-obj": "^1.0.1",
        "is-regexp": "^1.0.0"
      }
    },
    "strip-comments": {
      "version": "1.0.2",
      "resolved": "https://registry.npmjs.org/strip-comments/-/strip-comments-1.0.2.tgz",
      "integrity": "sha512-kL97alc47hoyIQSV165tTt9rG5dn4w1dNnBhOQ3bOU1Nc1hel09jnXANaHJ7vzHLd4Ju8kseDGzlev96pghLFw==",
      "requires": {
        "babel-extract-comments": "^1.0.0",
        "babel-plugin-transform-object-rest-spread": "^6.26.0"
      }
    },
    "topo": {
      "version": "2.0.2",
      "resolved": "https://registry.npmjs.org/topo/-/topo-2.0.2.tgz",
      "integrity": "sha1-zVYVdSU5BXwNwEkaYhw7xvvh0YI=",
      "requires": {
        "hoek": "4.x.x"
      }
    },
    "universalify": {
      "version": "0.1.2",
      "resolved": "https://registry.npmjs.org/universalify/-/universalify-0.1.2.tgz",
      "integrity": "sha512-rBJeI5CXAlmy1pV+617WB9J63U6XcazHHF2f2dbJix4XzpUF0RS3Zbj0FGIOCAva5P/d/GBOYaACQ1w+0azUkg=="
    },
    "util-deprecate": {
      "version": "1.0.2",
      "resolved": "https://registry.npmjs.org/util-deprecate/-/util-deprecate-1.0.2.tgz",
      "integrity": "sha1-RQ1Nyfpw3nMnYvvS1KKJgUGaDM8="
    },
    "workbox-background-sync": {
      "version": "3.6.3",
      "resolved": "https://registry.npmjs.org/workbox-background-sync/-/workbox-background-sync-3.6.3.tgz",
      "integrity": "sha512-ypLo0B6dces4gSpaslmDg5wuoUWrHHVJfFWwl1udvSylLdXvnrfhFfriCS42SNEe5lsZtcNZF27W/SMzBlva7Q==",
      "requires": {
        "workbox-core": "^3.6.3"
      }
    },
    "workbox-broadcast-cache-update": {
      "version": "3.6.3",
      "resolved": "https://registry.npmjs.org/workbox-broadcast-cache-update/-/workbox-broadcast-cache-update-3.6.3.tgz",
      "integrity": "sha512-pJl4lbClQcvp0SyTiEw0zLSsVYE1RDlCPtpKnpMjxFtu8lCFTAEuVyzxp9w7GF4/b3P4h5nyQ+q7V9mIR7YzGg==",
      "requires": {
        "workbox-core": "^3.6.3"
      }
    },
    "workbox-build": {
      "version": "3.6.3",
      "resolved": "https://registry.npmjs.org/workbox-build/-/workbox-build-3.6.3.tgz",
      "integrity": "sha512-w0clZ/pVjL8VXy6GfthefxpEXs0T8uiRuopZSFVQ8ovfbH6c6kUpEh6DcYwm/Y6dyWPiCucdyAZotgjz+nRz8g==",
      "requires": {
        "babel-runtime": "^6.26.0",
        "common-tags": "^1.4.0",
        "fs-extra": "^4.0.2",
        "glob": "^7.1.2",
        "joi": "^11.1.1",
        "lodash.template": "^4.4.0",
        "pretty-bytes": "^4.0.2",
        "stringify-object": "^3.2.2",
        "strip-comments": "^1.0.2",
        "workbox-background-sync": "^3.6.3",
        "workbox-broadcast-cache-update": "^3.6.3",
        "workbox-cache-expiration": "^3.6.3",
        "workbox-cacheable-response": "^3.6.3",
        "workbox-core": "^3.6.3",
        "workbox-google-analytics": "^3.6.3",
        "workbox-navigation-preload": "^3.6.3",
        "workbox-precaching": "^3.6.3",
        "workbox-range-requests": "^3.6.3",
        "workbox-routing": "^3.6.3",
        "workbox-strategies": "^3.6.3",
        "workbox-streams": "^3.6.3",
        "workbox-sw": "^3.6.3"
      },
      "dependencies": {
        "joi": {
          "version": "11.4.0",
          "resolved": "https://registry.npmjs.org/joi/-/joi-11.4.0.tgz",
          "integrity": "sha512-O7Uw+w/zEWgbL6OcHbyACKSj0PkQeUgmehdoXVSxt92QFCq4+1390Rwh5moI2K/OgC7D8RHRZqHZxT2husMJHA==",
          "requires": {
            "hoek": "4.x.x",
            "isemail": "3.x.x",
            "topo": "2.x.x"
          }
        }
      }
    },
    "workbox-cache-expiration": {
      "version": "3.6.3",
      "resolved": "https://registry.npmjs.org/workbox-cache-expiration/-/workbox-cache-expiration-3.6.3.tgz",
      "integrity": "sha512-+ECNph/6doYx89oopO/UolYdDmQtGUgo8KCgluwBF/RieyA1ZOFKfrSiNjztxOrGJoyBB7raTIOlEEwZ1LaHoA==",
      "requires": {
        "workbox-core": "^3.6.3"
      }
    },
    "workbox-cacheable-response": {
      "version": "3.6.3",
      "resolved": "https://registry.npmjs.org/workbox-cacheable-response/-/workbox-cacheable-response-3.6.3.tgz",
      "integrity": "sha512-QpmbGA9SLcA7fklBLm06C4zFg577Dt8u3QgLM0eMnnbaVv3rhm4vbmDpBkyTqvgK/Ly8MBDQzlXDtUCswQwqqg==",
      "requires": {
        "workbox-core": "^3.6.3"
      }
    },
    "workbox-core": {
      "version": "3.6.3",
      "resolved": "https://registry.npmjs.org/workbox-core/-/workbox-core-3.6.3.tgz",
      "integrity": "sha512-cx9cx0nscPkIWs8Pt98HGrS9/aORuUcSkWjG25GqNWdvD/pSe7/5Oh3BKs0fC+rUshCiyLbxW54q0hA+GqZeSQ=="
    },
    "workbox-google-analytics": {
      "version": "3.6.3",
      "resolved": "https://registry.npmjs.org/workbox-google-analytics/-/workbox-google-analytics-3.6.3.tgz",
      "integrity": "sha512-RQBUo/6SXtIaQTRFj4RQZ9e1gAl7D8oS5S+Hi173Kk70/BgJjzPwXpC5A249Jv5YfkCOLMQCeF9A27BiD0b0ig==",
      "requires": {
        "workbox-background-sync": "^3.6.3",
        "workbox-core": "^3.6.3",
        "workbox-routing": "^3.6.3",
        "workbox-strategies": "^3.6.3"
      }
    },
    "workbox-navigation-preload": {
      "version": "3.6.3",
      "resolved": "https://registry.npmjs.org/workbox-navigation-preload/-/workbox-navigation-preload-3.6.3.tgz",
      "integrity": "sha512-dd26xTX16DUu0i+MhqZK/jQXgfIitu0yATM4jhRXEmpMqQ4MxEeNvl2CgjDMOHBnCVMax+CFZQWwxMx/X/PqCw==",
      "requires": {
        "workbox-core": "^3.6.3"
      }
    },
    "workbox-precaching": {
      "version": "3.6.3",
      "resolved": "https://registry.npmjs.org/workbox-precaching/-/workbox-precaching-3.6.3.tgz",
      "integrity": "sha512-aBqT66BuMFviPTW6IpccZZHzpA8xzvZU2OM1AdhmSlYDXOJyb1+Z6blVD7z2Q8VNtV1UVwQIdImIX+hH3C3PIw==",
      "requires": {
        "workbox-core": "^3.6.3"
      }
    },
    "workbox-range-requests": {
      "version": "3.6.3",
      "resolved": "https://registry.npmjs.org/workbox-range-requests/-/workbox-range-requests-3.6.3.tgz",
      "integrity": "sha512-R+yLWQy7D9aRF9yJ3QzwYnGFnGDhMUij4jVBUVtkl67oaVoP1ymZ81AfCmfZro2kpPRI+vmNMfxxW531cqdx8A==",
      "requires": {
        "workbox-core": "^3.6.3"
      }
    },
    "workbox-routing": {
      "version": "3.6.3",
      "resolved": "https://registry.npmjs.org/workbox-routing/-/workbox-routing-3.6.3.tgz",
      "integrity": "sha512-bX20i95OKXXQovXhFOViOK63HYmXvsIwZXKWbSpVeKToxMrp0G/6LZXnhg82ijj/S5yhKNRf9LeGDzaqxzAwMQ==",
      "requires": {
        "workbox-core": "^3.6.3"
      }
    },
    "workbox-strategies": {
      "version": "3.6.3",
      "resolved": "https://registry.npmjs.org/workbox-strategies/-/workbox-strategies-3.6.3.tgz",
      "integrity": "sha512-Pg5eulqeKet2y8j73Yw6xTgLdElktcWExGkzDVCGqfV9JCvnGuEpz5eVsCIK70+k4oJcBCin9qEg3g3CwEIH3g==",
      "requires": {
        "workbox-core": "^3.6.3"
      }
    },
    "workbox-streams": {
      "version": "3.6.3",
      "resolved": "https://registry.npmjs.org/workbox-streams/-/workbox-streams-3.6.3.tgz",
      "integrity": "sha512-rqDuS4duj+3aZUYI1LsrD2t9hHOjwPqnUIfrXSOxSVjVn83W2MisDF2Bj+dFUZv4GalL9xqErcFW++9gH+Z27w==",
      "requires": {
        "workbox-core": "^3.6.3"
      }
    },
    "workbox-sw": {
      "version": "3.6.3",
      "resolved": "https://registry.npmjs.org/workbox-sw/-/workbox-sw-3.6.3.tgz",
      "integrity": "sha512-IQOUi+RLhvYCiv80RP23KBW/NTtIvzvjex28B8NW1jOm+iV4VIu3VXKXTA6er5/wjjuhmtB28qEAUqADLAyOSg=="
    },
    "wrappy": {
      "version": "1.0.2",
      "resolved": "https://registry.npmjs.org/wrappy/-/wrappy-1.0.2.tgz",
      "integrity": "sha1-tSQ9jz7BqjXxNkYFvA0QNuMKtp8="
    }
  }
}
